Microsoft Visual Studio Solution File, Format Version 12.00
# Visual Studio Version 17
VisualStudioVersion = 17.5.2.0
MinimumVisualStudioVersion = 10.0.40219.1
Project("{FAE04EC0-301F-11D3-BF4B-00C04F79EFBC}") = "weather_mcp", "weather_mcp.csproj", "{3B2BFE1B-FEBA-6524-5277-0DB9B6518896}"
EndProject
Global
	GlobalSection(SolutionConfigurationPlatforms) = preSolution
		Debug|Any CPU = Debug|Any CPU
		Release|Any CPU = Release|Any CPU
	EndGlobalSection
	GlobalSection(ProjectConfigurationPlatforms) = postSolution
		{3B2BFE1B-FEBA-6524-5277-0DB9B6518896}.Debug|Any CPU.ActiveCfg = Debug|Any CPU
		{3B2BFE1B-FEBA-6524-5277-0DB9B6518896}.Debug|Any CPU.Build.0 = Debug|Any CPU
		{3B2BFE1B-FEBA-6524-5277-0DB9B6518896}.Release|Any CPU.ActiveCfg = Release|Any CPU
		{3B2BFE1B-FEBA-6524-5277-0DB9B6518896}.Release|Any CPU.Build.0 = Release|Any CPU
	EndGlobalSection
	GlobalSection(SolutionProperties) = preSolution
		HideSolutionNode = FALSE
	EndGlobalSection
	GlobalSection(ExtensibilityGlobals) = postSolution
		SolutionGuid = {BDC7EC8C-7E3A-4154-81FD-1176624592A7}
	EndGlobalSection
EndGlobal
